
Microsoft Visual Studio Solution File, Format Version 12.00
# Visual Studio 15
VisualStudioVersion = 15.0.28307.902
MinimumVisualStudioVersion = 10.0.40219.1
Project("{FAE04EC0-301F-11D3-BF4B-00C04F79EFBC}") = "INDAABIN_Utilerias", "INDAABIN_Utilerias\INDAABIN_Utilerias.csproj", "{5A1A6310-3F09-437A-9410-220BEEAA8AFC}"
EndProject
Global
	GlobalSection(SolutionConfigurationPlatforms) = preSolution
		Debug|Any CPU = Debug|Any CPU
		Release|Any CPU = Release|Any CPU
	EndGlobalSection
	GlobalSection(ProjectConfigurationPlatforms) = postSolution
		{5A1A6310-3F09-437A-9410-220BEEAA8AFC}.Debug|Any CPU.ActiveCfg = Debug|Any CPU
		{5A1A6310-3F09-437A-9410-220BEEAA8AFC}.Debug|Any CPU.Build.0 = Debug|Any CPU
		{5A1A6310-3F09-437A-9410-220BEEAA8AFC}.Release|Any CPU.ActiveCfg = Release|Any CPU
		{5A1A6310-3F09-437A-9410-220BEEAA8AFC}.Release|Any CPU.Build.0 = Release|Any CPU
	EndGlobalSection
	GlobalSection(SolutionProperties) = preSolution
		HideSolutionNode = FALSE
	EndGlobalSection
	GlobalSection(ExtensibilityGlobals) = postSolution
		SolutionGuid = {C6FCBE54-3FF7-4895-A828-CB59A6364D9C}
	EndGlobalSection
EndGlobal
